
Microsoft Visual Studio Solution File, Format Version 12.00
# Visual Studio 15
VisualStudioVersion = 15.0.27004.2006
MinimumVisualStudioVersion = 10.0.40219.1
Project("{FAE04EC0-301F-11D3-BF4B-00C04F79EFBC}") = "wcf.client", "wcf.client\wcf.client.csproj", "{610F4599-15DE-4611-AA1B-9B786C0CF421}"
EndProject
Project("{FAE04EC0-301F-11D3-BF4B-00C04F79EFBC}") = "wcf.service", "wcf.service\wcf.service.csproj", "{A23676E0-9648-4DB2-806E-400F0089004A}"
EndProject
Global
	GlobalSection(SolutionConfigurationPlatforms) = preSolution
		Debug|Any CPU = Debug|Any CPU
		Release|Any CPU = Release|Any CPU
	EndGlobalSection
	GlobalSection(ProjectConfigurationPlatforms) = postSolution
		{610F4599-15DE-4611-AA1B-9B786C0CF421}.Debug|Any CPU.ActiveCfg = Debug|Any CPU
		{610F4599-15DE-4611-AA1B-9B786C0CF421}.Debug|Any CPU.Build.0 = Debug|Any CPU
		{610F4599-15DE-4611-AA1B-9B786C0CF421}.Release|Any CPU.ActiveCfg = Release|Any CPU
		{610F4599-15DE-4611-AA1B-9B786C0CF421}.Release|Any CPU.Build.0 = Release|Any CPU
		{A23676E0-9648-4DB2-806E-400F0089004A}.Debug|Any CPU.ActiveCfg = Debug|Any CPU
		{A23676E0-9648-4DB2-806E-400F0089004A}.Debug|Any CPU.Build.0 = Debug|Any CPU
		{A23676E0-9648-4DB2-806E-400F0089004A}.Release|Any CPU.ActiveCfg = Release|Any CPU
		{A23676E0-9648-4DB2-806E-400F0089004A}.Release|Any CPU.Build.0 = Release|Any CPU
	EndGlobalSection
	GlobalSection(SolutionProperties) = preSolution
		HideSolutionNode = FALSE
	EndGlobalSection
	GlobalSection(ExtensibilityGlobals) = postSolution
		SolutionGuid = {54F5A67A-27D2-4987-8464-9C5A4EA6B7F5}
	EndGlobalSection
EndGlobal
